// !$*UTF8*$!
{
	archiveVersion = 1;
	classes = {
	};
	objectVersion = 50;
	objects = {

/* Begin PBXBuildFile section */
		B545D2E42509C49800FE236F /* AppDelegate.m in Sources */ = {isa = PBXBuildFile; fileRef = B545D2E32509C49800FE236F /* AppDelegate.m */; };
		B545D2E72509C49800FE236F /* SceneDelegate.m in Sources */ = {isa = PBXBuildFile; fileRef = B545D2E62509C49800FE236F /* SceneDelegate.m */; };
		B545D2EA2509C49800FE236F /* ViewController.m in Sources */ = {isa = PBXBuildFile; fileRef = B545D2E92509C49800FE236F /* ViewController.m */; };
		B545D2ED2509C49800FE236F /* Main.storyboard in Resources */ = {isa = PBXBuildFile; fileRef = B545D2EB2509C49800FE236F /* Main.storyboard */; };
		B545D2F22509C49900FE236F /* LaunchScreen.storyboard in Resources */ = {isa = PBXBuildFile; fileRef = B545D2F02509C49900FE236F /* LaunchScreen.storyboard */; };
		B545D2F52509C49900FE236F /* main.m in Sources */ = {isa = PBXBuildFile; fileRef = B545D2F42509C49900FE236F /* main.m */; };
		B545D2FC2509C57A00FE236F /* main.js in Resources */ = {isa = PBXBuildFile; fileRef = B545D2FB2509C57A00FE236F /* main.js */; };
		B545D2FE2509C7EB00FE236F /* Assets.xcassets in Resources */ = {isa = PBXBuildFile; fileRef = B545D2FD2509C7EB00FE236F /* Assets.xcassets */; };
/* End PBXBuildFile section */

/* Begin PBXFileReference section */
		B545D2DF2509C49800FE236F /* native2js.app */ = {isa = PBXFileReference; explicitFileType = wrapper.application; includeInIndex = 0; path = native2js.app; sourceTree = BUILT_PRODUCTS_DIR; };
		B545D2E22509C49800FE236F /* AppDelegate.h */ = {isa = PBXFileReference; lastKnownFileType = sourcecode.c.h; path = AppDelegate.h; sourceTree = "<group>"; };
		B545D2E32509C49800FE236F /* AppDelegate.m */ = {isa = PBXFileReference; lastKnownFileType = sourcecode.c.objc; path = AppDelegate.m; sourceTree = "<group>"; };
		B545D2E52509C49800FE236F /* SceneDelegate.h */ = {isa = PBXFileReference; lastKnownFileType = sourcecode.c.h; path = SceneDelegate.h; sourceTree = "<group>"; };
		B545D2E62509C49800FE236F /* SceneDelegate.m */ = {isa = PBXFileReference; lastKnownFileType = sourcecode.c.objc; path = SceneDelegate.m; sourceTree = "<group>"; };
		B545D2E82509C49800FE236F /* ViewController.h */ = {isa = PBXFileReference; lastKnownFileType = sourcecode.c.h; path = ViewController.h; sourceTree = "<group>"; };
		B545D2E92509C49800FE236F /* ViewController.m */ = {isa = PBXFileReference; lastKnownFileType = sourcecode.c.objc; path = ViewController.m; sourceTree = "<group>"; };
		B545D2EC2509C49800FE236F /* Base */ = {isa = PBXFileReference; lastKnownFileType = file.storyboard; name = Base; path = Base.lproj/Main.storyboard; sourceTree = "<group>"; };
		B545D2F12509C49900FE236F /* Base */ = {isa = PBXFileReference; lastKnownFileType = file.storyboard; name = Base; path = Base.lproj/LaunchScreen.storyboard; sourceTree = "<group>"; };
		B545D2F32509C49900FE236F /* Info.plist */ = {isa = PBXFileReference; lastKnownFileType = text.plist.xml; path = Info.plist; sourceTree = "<group>"; };
		B545D2F42509C49900FE236F /* main.m */ = {isa = PBXFileReference; lastKnownFileType = sourcecode.c.objc; path = main.m; sourceTree = "<group>"; };
		B545D2FB2509C57A00FE236F /* main.js */ = {isa = PBXFileReference; lastKnownFileType = sourcecode.javascript; path = main.js; sourceTree = "<group>"; };
		B545D2FD2509C7EB00FE236F /* Assets.xcassets */ = {isa = PBXFileReference; lastKnownFileType = folder.assetcatalog; path = Assets.xcassets; sourceTree = "<group>"; };
/* End PBXFileReference section */

/* Begin PBXFrameworksBuildPhase section */
		B545D2DC2509C49800FE236F /* Frameworks */ = {
			isa = PBXFrameworksBuildPhase;
			buildActionMask = 2147483647;
			files = (
			);
			runOnlyForDeploymentPostprocessing = 0;
		};
/* End PBXFrameworksBuildPhase section */

/* Begin PBXGroup section */
		B545D2D62509C49800FE236F = {
			isa = PBXGroup;
			children = (
				B545D2E12509C49800FE236F /* native2js */,
				B545D2E02509C49800FE236F /* Products */,
			);
			sourceTree = "<group>";
		};
		B545D2E02509C49800FE236F /* Products */ = {
			isa = PBXGroup;
			children = (
				B545D2DF2509C49800FE236F /* native2js.app */,
			);
			name = Products;
			sourceTree = "<group>";
		};
		B545D2E12509C49800FE236F /* native2js */ = {
			isa = PBXGroup;
			children = (
				B545D2E22509C49800FE236F /* AppDelegate.h */,
				B545D2E32509C49800FE236F /* AppDelegate.m */,
				B545D2FD2509C7EB00FE236F /* Assets.xcassets */,
				B545D2FB2509C57A00FE236F /* main.js */,
				B545D2E52509C49800FE236F /* SceneDelegate.h */,
				B545D2E62509C49800FE236F /* SceneDelegate.m */,
				B545D2E82509C49800FE236F /* ViewController.h */,
				B545D2E92509C49800FE236F /* ViewController.m */,
				B545D2EB2509C49800FE236F /* Main.storyboard */,
				B545D2F02509C49900FE236F /* LaunchScreen.storyboard */,
				B545D2F32509C49900FE236F /* Info.plist */,
				B545D2F42509C49900FE236F /* main.m */,
			);
			path = native2js;
			sourceTree = "<group>";
		};
/* End PBXGroup section */

/* Begin PBXNativeTarget section */
		B545D2DE2509C49800FE236F /* native2js */ = {
			isa = PBXNativeTarget;
			buildConfigurationList = B545D2F82509C49900FE236F /* Build configuration list for PBXNativeTarget "native2js" */;
			buildPhases = (
				B545D2DB2509C49800FE236F /* Sources */,
				B545D2DC2509C49800FE236F /* Frameworks */,
				B545D2DD2509C49800FE236F /* Resources */,
			);
			buildRules = (
			);
			dependencies = (
			);
			name = native2js;
			productName = native2js;
			productReference = B545D2DF2509C49800FE236F /* native2js.app */;
			productType = "com.apple.product-type.application";
		};
/* End PBXNativeTarget section */

/* Begin PBXProject section */
		B545D2D72509C49800FE236F /* Project object */ = {
			isa = PBXProject;
			attributes = {
				LastUpgradeCheck = 1170;
				ORGANIZATIONNAME = "邹小威";
				TargetAttributes = {
					B545D2DE2509C49800FE236F = {
						CreatedOnToolsVersion = 11.7;
					};
				};
			};
			buildConfigurationList = B545D2DA2509C49800FE236F /* Build configuration list for PBXProject "native2js" */;
			compatibilityVersion = "Xcode 9.3";
			developmentRegion = en;
			hasScannedForEncodings = 0;
			knownRegions = (
				en,
				Base,
			);
			mainGroup = B545D2D62509C49800FE236F;
			productRefGroup = B545D2E02509C49800FE236F /* Products */;
			projectDirPath = "";
			projectRoot = "";
			targets = (
				B545D2DE2509C49800FE236F /* native2js */,
			);
		};
/* End PBXProject section */

/* Begin PBXResourcesBuildPhase section */
		B545D2DD2509C49800FE236F /* Resources */ = {
			isa = PBXResourcesBuildPhase;
			buildActionMask = 2147483647;
			files = (
				B545D2F22509C49900FE236F /* LaunchScreen.storyboard in Resources */,
				B545D2ED2509C49800FE236F /* Main.storyboard in Resources */,
				B545D2FE2509C7EB00FE236F /* Assets.xcassets in Resources */,
				B545D2FC2509C57A00FE236F /* main.js in Resources */,
			);
			runOnlyForDeploymentPostprocessing = 0;
		};
/* End PBXResourcesBuildPhase section */

/* Begin PBXSourcesBuildPhase section */
		B545D2DB2509C49800FE236F /* Sources */ = {
			isa = PBXSourcesBuildPhase;
			buildActionMask = 2147483647;
			files = (
				B545D2EA2509C49800FE236F /* ViewController.m in Sources */,
				B545D2E42509C49800FE236F /* AppDelegate.m in Sources */,
				B545D2F52509C49900FE236F /* main.m in Sources */,
				B545D2E72509C49800FE236F /* SceneDelegate.m in Sources */,
			);
			runOnlyForDeploymentPostprocessing = 0;
		};
/* End PBXSourcesBuildPhase section */

/* Begin PBXVariantGroup section */
		B545D2EB2509C49800FE236F /* Main.storyboard */ = {
			isa = PBXVariantGroup;
			children = (
				B545D2EC2509C49800FE236F /* Base */,
			);
			name = Main.storyboard;
			sourceTree = "<group>";
		};
		B545D2F02509C49900FE236F /* LaunchScreen.storyboard */ = {
			isa = PBXVariantGroup;
			children = (
				B545D2F12509C49900FE236F /* Base */,
			);
			name = LaunchScreen.storyboard;
			sourceTree = "<group>";
		};
/* End PBXVariantGroup section */

/* Begin XCBuildConfiguration section */
		B545D2F62509C49900FE236F /* Debug */ = {
			isa = XCBuildConfiguration;
			buildSettings = {
				ALWAYS_SEARCH_USER_PATHS = NO;
				CLANG_ANALYZER_NONNULL = YES;
				CLANG_ANALYZER_NUMBER_OBJECT_CONVERSION = YES_AGGRESSIVE;
				CLANG_CXX_LANGUAGE_STANDARD = "gnu++14";
				CLANG_CXX_LIBRARY = "libc++";
				CLANG_ENABLE_MODULES = YES;
				CLANG_ENABLE_OBJC_ARC = YES;
				CLANG_ENABLE_OBJC_WEAK = YES;
				CLANG_WARN_BLOCK_CAPTURE_AUTORELEASING = YES;
				CLANG_WARN_BOOL_CONVERSION = YES;
				CLANG_WARN_COMMA = YES;
				CLANG_WARN_CONSTANT_CONVERSION = YES;
				CLANG_WARN_DEPRECATED_OBJC_IMPLEMENTATIONS = YES;
				CLANG_WARN_DIRECT_OBJC_ISA_USAGE = YES_ERROR;
				CLANG_WARN_DOCUMENTATION_COMMENTS = YES;
				CLANG_WARN_EMPTY_BODY = YES;
				CLANG_WARN_ENUM_CONVERSION = YES;
				CLANG_WARN_INFINITE_RECURSION = YES;
				CLANG_WARN_INT_CONVERSION = YES;
				CLANG_WARN_NON_LITERAL_NULL_CONVERSION = YES;
				CLANG_WARN_OBJC_IMPLICIT_RETAIN_SELF = YES;
				CLANG_WARN_OBJC_LITERAL_CONVERSION = YES;
				CLANG_WARN_OBJC_ROOT_CLASS = YES_ERROR;
				CLANG_WARN_RANGE_LOOP_ANALYSIS = YES;
				CLANG_WARN_STRICT_PROTOTYPES = YES;
				CLANG_WARN_SUSPICIOUS_MOVE = YES;
				CLANG_WARN_UNGUARDED_AVAILABILITY = YES_AGGRESSIVE;
				CLANG_WARN_UNREACHABLE_CODE = YES;
				CLANG_WARN__DUPLICATE_METHOD_MATCH = YES;
				COPY_PHASE_STRIP = NO;
				DEBUG_INFORMATION_FORMAT = dwarf;
				ENABLE_STRICT_OBJC_MSGSEND = YES;
				ENABLE_TESTABILITY = YES;
				GCC_C_LANGUAGE_STANDARD = gnu11;
				GCC_DYNAMIC_NO_PIC = NO;
				GCC_NO_COMMON_BLOCKS = YES;
				GCC_OPTIMIZATION_LEVEL = 0;
				GCC_PREPROCESSOR_DEFINITIONS = (
					"DEBUG=1",
					"$(inherited)",
				);
				GCC_WARN_64_TO_32_BIT_CONVERSION = YES;
				GCC_WARN_ABOUT_RETURN_TYPE = YES_ERROR;
				GCC_WARN_UNDECLARED_SELECTOR = YES;
				GCC_WARN_UNINITIALIZED_AUTOS = YES_AGGRESSIVE;
				GCC_WARN_UNUSED_FUNCTION = YES;
				GCC_WARN_UNUSED_VARIABLE = YES;
				IPHONEOS_DEPLOYMENT_TARGET = 13.7;
				MTL_ENABLE_DEBUG_INFO = INCLUDE_SOURCE;
				MTL_FAST_MATH = YES;
				ONLY_ACTIVE_ARCH = YES;
				SDKROOT = iphoneos;
			};
			name = Debug;
		};
		B545D2F72509C49900FE236F /* Release */ = {
			isa = XCBuildConfiguration;
			buildSettings = {
				ALWAYS_SEARCH_USER_PATHS = NO;
				CLANG_ANALYZER_NONNULL = YES;
				CLANG_ANALYZER_NUMBER_OBJECT_CONVERSION = YES_AGGRESSIVE;
				CLANG_CXX_LANGUAGE_STANDARD = "gnu++14";
				CLANG_CXX_LIBRARY = "libc++";
				CLANG_ENABLE_MODULES = YES;
				CLANG_ENABLE_OBJC_ARC = YES;
				CLANG_ENABLE_OBJC_WEAK = YES;
				CLANG_WARN_BLOCK_CAPTURE_AUTORELEASING = YES;
				CLANG_WARN_BOOL_CONVERSION = YES;
				CLANG_WARN_COMMA = YES;
				CLANG_WARN_CONSTANT_CONVERSION = YES;
				CLANG_WARN_DEPRECATED_OBJC_IMPLEMENTATIONS = YES;
				CLANG_WARN_DIRECT_OBJC_ISA_USAGE = YES_ERROR;
				CLANG_WARN_DOCUMENTATION_COMMENTS = YES;
				CLANG_WARN_EMPTY_BODY = YES;
				CLANG_WARN_ENUM_CONVERSION = YES;
				CLANG_WARN_INFINITE_RECURSION = YES;
				CLANG_WARN_INT_CONVERSION = YES;
				CLANG_WARN_NON_LITERAL_NULL_CONVERSION = YES;
				CLANG_WARN_OBJC_IMPLICIT_RETAIN_SELF = YES;
				CLANG_WARN_OBJC_LITERAL_CONVERSION = YES;
				CLANG_WARN_OBJC_ROOT_CLASS = YES_ERROR;
				CLANG_WARN_RANGE_LOOP_ANALYSIS = YES;
				CLANG_WARN_STRICT_PROTOTYPES = YES;
				CLANG_WARN_SUSPICIOUS_MOVE = YES;
				CLANG_WARN_UNGUARDED_AVAILABILITY = YES_AGGRESSIVE;
				CLANG_WARN_UNREACHABLE_CODE = YES;
				CLANG_WARN__DUPLICATE_METHOD_MATCH = YES;
				COPY_PHASE_STRIP = NO;
				DEBUG_INFORMATION_FORMAT = "dwarf-with-dsym";
				ENABLE_NS_ASSERTIONS = NO;
				ENABLE_STRICT_OBJC_MSGSEND = YES;
				GCC_C_LANGUAGE_STANDARD = gnu11;
				GCC_NO_COMMON_BLOCKS = YES;
				GCC_WARN_64_TO_32_BIT_CONVERSION = YES;
				GCC_WARN_ABOUT_RETURN_TYPE = YES_ERROR;
				GCC_WARN_UNDECLARED_SELECTOR = YES;
				GCC_WARN_UNINITIALIZED_AUTOS = YES_AGGRESSIVE;
				GCC_WARN_UNUSED_FUNCTION = YES;
				GCC_WARN_UNUSED_VARIABLE = YES;
				IPHONEOS_DEPLOYMENT_TARGET = 13.7;
				MTL_ENABLE_DEBUG_INFO = NO;
				MTL_FAST_MATH = YES;
				SDKROOT = iphoneos;
				VALIDATE_PRODUCT = YES;
			};
			name = Release;
		};
		B545D2F92509C49900FE236F /* Debug */ = {
			isa = XCBuildConfiguration;
			buildSettings = {
				ASSETCATALOG_COMPILER_APPICON_NAME = AppIcon;
				CODE_SIGN_STYLE = Automatic;
				DEVELOPMENT_TEAM = JU2J83PBWF;
				INFOPLIST_FILE = native2js/Info.plist;
				LD_RUNPATH_SEARCH_PATHS = (
					"$(inherited)",
					"@executable_path/Frameworks",
				);
				PRODUCT_BUNDLE_IDENTIFIER = com.zxw.native2js;
				PRODUCT_NAME = "$(TARGET_NAME)";
				TARGETED_DEVICE_FAMILY = "1,2";
			};
			name = Debug;
		};
		B545D2FA2509C49900FE236F /* Release */ = {
			isa = XCBuildConfiguration;
			buildSettings = {
				ASSETCATALOG_COMPILER_APPICON_NAME = AppIcon;
				CODE_SIGN_STYLE = Automatic;
				DEVELOPMENT_TEAM = JU2J83PBWF;
				INFOPLIST_FILE = native2js/Info.plist;
				LD_RUNPATH_SEARCH_PATHS = (
					"$(inherited)",
					"@executable_path/Frameworks",
				);
				PRODUCT_BUNDLE_IDENTIFIER = com.zxw.native2js;
				PRODUCT_NAME = "$(TARGET_NAME)";
				TARGETED_DEVICE_FAMILY = "1,2";
			};
			name = Release;
		};
/* End XCBuildConfiguration section */

/* Begin XCConfigurationList section */
		B545D2DA2509C49800FE236F /* Build configuration list for PBXProject "native2js" */ = {
			isa = XCConfigurationList;
			buildConfigurations = (
				B545D2F62509C49900FE236F /* Debug */,
				B545D2F72509C49900FE236F /* Release */,
			);
			defaultConfigurationIsVisible = 0;
			defaultConfigurationName = Release;
		};
		B545D2F82509C49900FE236F /* Build configuration list for PBXNativeTarget "native2js" */ = {
			isa = XCConfigurationList;
			buildConfigurations = (
				B545D2F92509C49900FE236F /* Debug */,
				B545D2FA2509C49900FE236F /* Release */,
			);
			defaultConfigurationIsVisible = 0;
			defaultConfigurationName = Release;
		};
/* End XCConfigurationList section */
	};
	rootObject = B545D2D72509C49800FE236F /* Project object */;
}
